
Microsoft Visual Studio Solution File, Format Version 12.00
# Visual Studio 15
VisualStudioVersion = 15.0.27130.2003
MinimumVisualStudioVersion = 10.0.40219.1
Project("{FAE04EC0-301F-11D3-BF4B-00C04F79EFBC}") = "STL_01", "STL_01\STL_01.csproj", "{61F610C6-0515-4BBB-B123-5C1093390CFE}"
EndProject
Global
	GlobalSection(SolutionConfigurationPlatforms) = preSolution
		Debug|Any CPU = Debug|Any CPU
		Release|Any CPU = Release|Any CPU
	EndGlobalSection
	GlobalSection(ProjectConfigurationPlatforms) = postSolution
		{61F610C6-0515-4BBB-B123-5C1093390CFE}.Debug|Any CPU.ActiveCfg = Debug|Any CPU
		{61F610C6-0515-4BBB-B123-5C1093390CFE}.Debug|Any CPU.Build.0 = Debug|Any CPU
		{61F610C6-0515-4BBB-B123-5C1093390CFE}.Release|Any CPU.ActiveCfg = Release|Any CPU
		{61F610C6-0515-4BBB-B123-5C1093390CFE}.Release|Any CPU.Build.0 = Release|Any CPU
	EndGlobalSection
	GlobalSection(SolutionProperties) = preSolution
		HideSolutionNode = FALSE
	EndGlobalSection
	GlobalSection(ExtensibilityGlobals) = postSolution
		SolutionGuid = {3AD9AB47-8471-4611-93D2-B0EA6E643CEA}
	EndGlobalSection
EndGlobal
